{
  "nodes": {
    "nixlib": {
      "locked": {
        "lastModified": 1667696192,
        "narHash": "sha256-hOdbIhnpWvtmVynKcsj10nxz9WROjZja+1wRAJ/C9+s=",
        "owner": "nix-community",
        "repo": "nixpkgs.lib",
        "rev": "babd9cd2ca6e413372ed59fbb1ecc3c3a5fd3e5b",
        "type": "github"
      },
      "original": {
        "owner": "nix-community",
        "repo": "nixpkgs.lib",
        "type": "github"
      }
    },
    "root": {
      "inputs": {
        "nixlib": "nixlib"
      }
    }
  },
  "root": "root",
  "version": 7
}
